# THIS IS AN AUTOGENERATED FILE. DO NOT EDIT THIS FILE DIRECTLY.
# yarn lockfile v1


javiros-emoji-cloud@^1.0.4:
  version "1.0.4"
  resolved "https://registry.yarnpkg.com/javiros-emoji-cloud/-/javiros-emoji-cloud-1.0.4.tgz#b5b5677a6cb8c2dbfaf34b39333b6553e68b40b9"
  dependencies:
    jqcloud "github:javiros/jqcloud"
    jquery "^3.3.1"

"jqcloud@github:javiros/jqcloud":
  version "2.0.3"
  resolved "https://codeload.github.com/javiros/jqcloud/tar.gz/9b96818fa866c29998557efb9fcdc8566d3685b1"
  dependencies:
    jquery ">= 1.9.0"

"jquery@>= 1.9.0", jquery@^3.3.1:
  version "3.3.1"
  resolved "https://registry.yarnpkg.com/jquery/-/jquery-3.3.1.tgz#958ce29e81c9790f31be7792df5d4d95fc57fbca"

wordcloud@^1.1.0:
  version "1.1.0"
  resolved "https://registry.yarnpkg.com/wordcloud/-/wordcloud-1.1.0.tgz#3a1c52f7d088d43ee5ee855d4f86280de57f0758"
